
Microsoft Visual Studio Solution File, Format Version 12.00
# Visual Studio Version 17
VisualStudioVersion = 17.4.33205.214
MinimumVisualStudioVersion = 10.0.40219.1
Project("{9A19103F-16F7-4668-BE54-9A1E7A4F7556}") = "PhotoGallery.Domain", "PhotoGallery.Domain\PhotoGallery.Domain.csproj", "{54B42BA4-21A6-45A2-AC85-40B0FC78296B}"
EndProject
Project("{9A19103F-16F7-4668-BE54-9A1E7A4F7556}") = "PhotoGallery.Application", "PhotoGallery.Application\PhotoGallery.Application.csproj", "{6252415C-6C1F-4E82-895C-B8B099A0BC9F}"
EndProject
Project("{9A19103F-16F7-4668-BE54-9A1E7A4F7556}") = "PhotoGallery.Persistence", "PhotoGallery.Persistence\PhotoGallery.Persistence.csproj", "{D7E5C4A2-FFCE-476B-B382-9CCB81246A31}"
EndProject
Project("{9A19103F-16F7-4668-BE54-9A1E7A4F7556}") = "PhotoGallery.MVC", "PhotoGallery.MVC\PhotoGallery.MVC.csproj", "{6F8B5D05-4646-4117-A511-CDBBE24FE5CF}"
EndProject
Project("{2150E333-8FDC-42A3-9474-1A3956D46DE8}") = "Core", "Core", "{943CE64F-4459-4394-A8CD-9CF11D8C8A50}"
EndProject
Project("{2150E333-8FDC-42A3-9474-1A3956D46DE8}") = "Infrastructure", "Infrastructure", "{C210A260-76FA-4998-9499-A2939C7FA8B4}"
EndProject
Project("{2150E333-8FDC-42A3-9474-1A3956D46DE8}") = "MVC", "MVC", "{1B84A0C5-E0B6-4FF0-AD2C-0950BEBCE008}"
EndProject
Project("{2150E333-8FDC-42A3-9474-1A3956D46DE8}") = "Tests", "Tests", "{AD77FBFA-DE31-471D-8A0B-2EB6B6625BA4}"
EndProject
Project("{FAE04EC0-301F-11D3-BF4B-00C04F79EFBC}") = "PhotoGallery.Tests", "PhotoGallery.Tests\PhotoGallery.Tests.csproj", "{BBFB5711-8E43-46E8-AA33-186193A294D9}"
EndProject
Global
	GlobalSection(SolutionConfigurationPlatforms) = preSolution
		Debug|Any CPU = Debug|Any CPU
		Release|Any CPU = Release|Any CPU
	EndGlobalSection
	GlobalSection(ProjectConfigurationPlatforms) = postSolution
		{54B42BA4-21A6-45A2-AC85-40B0FC78296B}.Debug|Any CPU.ActiveCfg = Debug|Any CPU
		{54B42BA4-21A6-45A2-AC85-40B0FC78296B}.Debug|Any CPU.Build.0 = Debug|Any CPU
		{54B42BA4-21A6-45A2-AC85-40B0FC78296B}.Release|Any CPU.ActiveCfg = Release|Any CPU
		{54B42BA4-21A6-45A2-AC85-40B0FC78296B}.Release|Any CPU.Build.0 = Release|Any CPU
		{6252415C-6C1F-4E82-895C-B8B099A0BC9F}.Debug|Any CPU.ActiveCfg = Debug|Any CPU
		{6252415C-6C1F-4E82-895C-B8B099A0BC9F}.Debug|Any CPU.Build.0 = Debug|Any CPU
		{6252415C-6C1F-4E82-895C-B8B099A0BC9F}.Release|Any CPU.ActiveCfg = Release|Any CPU
		{6252415C-6C1F-4E82-895C-B8B099A0BC9F}.Release|Any CPU.Build.0 = Release|Any CPU
		{D7E5C4A2-FFCE-476B-B382-9CCB81246A31}.Debug|Any CPU.ActiveCfg = Debug|Any CPU
		{D7E5C4A2-FFCE-476B-B382-9CCB81246A31}.Debug|Any CPU.Build.0 = Debug|Any CPU
		{D7E5C4A2-FFCE-476B-B382-9CCB81246A31}.Release|Any CPU.ActiveCfg = Release|Any CPU
		{D7E5C4A2-FFCE-476B-B382-9CCB81246A31}.Release|Any CPU.Build.0 = Release|Any CPU
		{6F8B5D05-4646-4117-A511-CDBBE24FE5CF}.Debug|Any CPU.ActiveCfg = Debug|Any CPU
		{6F8B5D05-4646-4117-A511-CDBBE24FE5CF}.Debug|Any CPU.Build.0 = Debug|Any CPU
		{6F8B5D05-4646-4117-A511-CDBBE24FE5CF}.Release|Any CPU.ActiveCfg = Release|Any CPU
		{6F8B5D05-4646-4117-A511-CDBBE24FE5CF}.Release|Any CPU.Build.0 = Release|Any CPU
		{BBFB5711-8E43-46E8-AA33-186193A294D9}.Debug|Any CPU.ActiveCfg = Debug|Any CPU
		{BBFB5711-8E43-46E8-AA33-186193A294D9}.Debug|Any CPU.Build.0 = Debug|Any CPU
		{BBFB5711-8E43-46E8-AA33-186193A294D9}.Release|Any CPU.ActiveCfg = Release|Any CPU
		{BBFB5711-8E43-46E8-AA33-186193A294D9}.Release|Any CPU.Build.0 = Release|Any CPU
	EndGlobalSection
	GlobalSection(SolutionProperties) = preSolution
		HideSolutionNode = FALSE
	EndGlobalSection
	GlobalSection(NestedProjects) = preSolution
		{54B42BA4-21A6-45A2-AC85-40B0FC78296B} = {943CE64F-4459-4394-A8CD-9CF11D8C8A50}
		{6252415C-6C1F-4E82-895C-B8B099A0BC9F} = {943CE64F-4459-4394-A8CD-9CF11D8C8A50}
		{D7E5C4A2-FFCE-476B-B382-9CCB81246A31} = {C210A260-76FA-4998-9499-A2939C7FA8B4}
		{6F8B5D05-4646-4117-A511-CDBBE24FE5CF} = {1B84A0C5-E0B6-4FF0-AD2C-0950BEBCE008}
		{BBFB5711-8E43-46E8-AA33-186193A294D9} = {AD77FBFA-DE31-471D-8A0B-2EB6B6625BA4}
	EndGlobalSection
	GlobalSection(ExtensibilityGlobals) = postSolution
		SolutionGuid = {07EF6768-CE6D-441B-B9D8-D90CB590531E}
	EndGlobalSection
EndGlobal
